
Microsoft Visual Studio Solution File, Format Version 12.00
# Visual Studio 15
VisualStudioVersion = 15.0.27428.2037
MinimumVisualStudioVersion = 10.0.40219.1
Project("{9A19103F-16F7-4668-BE54-9A1E7A4F7556}") = "IglooSmartHome", "IglooSmartHome\IglooSmartHome.csproj", "{FA3CF917-B523-441D-A524-7E56A1D0048E}"
EndProject
Project("{FAE04EC0-301F-11D3-BF4B-00C04F79EFBC}") = "IglooSmartHome.Droid", "Droid\IglooSmartHome.Droid.csproj", "{34B9099E-4B00-4707-BFDE-0B95997F8893}"
EndProject
Project("{FAE04EC0-301F-11D3-BF4B-00C04F79EFBC}") = "IglooSmartHome.iOS", "iOS\IglooSmartHome.iOS.csproj", "{5FA0219F-B063-4D07-800B-CC38BDB5B916}"
EndProject
Project("{FAE04EC0-301F-11D3-BF4B-00C04F79EFBC}") = "IglooSmartHome.UWP", "UWP\IglooSmartHome.UWP.csproj", "{0483302A-9154-434A-93EB-5633AAFD4409}"
EndProject
Project("{FAE04EC0-301F-11D3-BF4B-00C04F79EFBC}") = "Xamarin.Droid.Utils", "..\..\..\Xamarin-Utils\Xamarin.Utils\Xamarin.Droid.Utils\Xamarin.Droid.Utils.csproj", "{86B412D1-080A-4AB9-8280-1C7E2DE4BBDA}"
EndProject
Project("{9A19103F-16F7-4668-BE54-9A1E7A4F7556}") = "Xamarin.Forms.Utils", "..\..\..\Xamarin-Utils\Xamarin.Utils\Xamarin.Forms.Utils\Xamarin.Forms.Utils.csproj", "{959F32CF-41D7-4E18-8ADE-A202317126E1}"
EndProject
Project("{9A19103F-16F7-4668-BE54-9A1E7A4F7556}") = "Azure.Server.Utils.Communication", "..\..\..\Xamarin-Utils\Xamarin.Utils\Azure.Server.Utils.Communication\Azure.Server.Utils.Communication.csproj", "{5625BEB9-1F36-4FA7-A924-EC5837B5A318}"
EndProject
Global
	GlobalSection(SolutionConfigurationPlatforms) = preSolution
		Debug|Any CPU = Debug|Any CPU
		Debug|ARM = Debug|ARM
		Debug|iPhone = Debug|iPhone
		Debug|iPhoneSimulator = Debug|iPhoneSimulator
		Debug|x64 = Debug|x64
		Debug|x86 = Debug|x86
		Release|Any CPU = Release|Any CPU
		Release|ARM = Release|ARM
		Release|iPhone = Release|iPhone
		Release|iPhoneSimulator = Release|iPhoneSimulator
		Release|x64 = Release|x64
		Release|x86 = Release|x86
	EndGlobalSection
	GlobalSection(ProjectConfigurationPlatforms) = postSolution
		{FA3CF917-B523-441D-A524-7E56A1D0048E}.Debug|Any CPU.ActiveCfg = Debug|Any CPU
		{FA3CF917-B523-441D-A524-7E56A1D0048E}.Debug|Any CPU.Build.0 = Debug|Any CPU
		{FA3CF917-B523-441D-A524-7E56A1D0048E}.Debug|ARM.ActiveCfg = Debug|Any CPU
		{FA3CF917-B523-441D-A524-7E56A1D0048E}.Debug|ARM.Build.0 = Debug|Any CPU
		{FA3CF917-B523-441D-A524-7E56A1D0048E}.Debug|iPhone.ActiveCfg = Debug|Any CPU
		{FA3CF917-B523-441D-A524-7E56A1D0048E}.Debug|iPhone.Build.0 = Debug|Any CPU
		{FA3CF917-B523-441D-A524-7E56A1D0048E}.Debug|iPhoneSimulator.ActiveCfg = Debug|Any CPU
		{FA3CF917-B523-441D-A524-7E56A1D0048E}.Debug|iPhoneSimulator.Build.0 = Debug|Any CPU
		{FA3CF917-B523-441D-A524-7E56A1D0048E}.Debug|x64.ActiveCfg = Debug|Any CPU
		{FA3CF917-B523-441D-A524-7E56A1D0048E}.Debug|x64.Build.0 = Debug|Any CPU
		{FA3CF917-B523-441D-A524-7E56A1D0048E}.Debug|x86.ActiveCfg = Debug|Any CPU
		{FA3CF917-B523-441D-A524-7E56A1D0048E}.Debug|x86.Build.0 = Debug|Any CPU
		{FA3CF917-B523-441D-A524-7E56A1D0048E}.Release|Any CPU.ActiveCfg = Release|Any CPU
		{FA3CF917-B523-441D-A524-7E56A1D0048E}.Release|Any CPU.Build.0 = Release|Any CPU
		{FA3CF917-B523-441D-A524-7E56A1D0048E}.Release|ARM.ActiveCfg = Release|Any CPU
		{FA3CF917-B523-441D-A524-7E56A1D0048E}.Release|ARM.Build.0 = Release|Any CPU
		{FA3CF917-B523-441D-A524-7E56A1D0048E}.Release|iPhone.ActiveCfg = Release|Any CPU
		{FA3CF917-B523-441D-A524-7E56A1D0048E}.Release|iPhone.Build.0 = Release|Any CPU
		{FA3CF917-B523-441D-A524-7E56A1D0048E}.Release|iPhoneSimulator.ActiveCfg = Release|Any CPU
		{FA3CF917-B523-441D-A524-7E56A1D0048E}.Release|iPhoneSimulator.Build.0 = Release|Any CPU
		{FA3CF917-B523-441D-A524-7E56A1D0048E}.Release|x64.ActiveCfg = Release|Any CPU
		{FA3CF917-B523-441D-A524-7E56A1D0048E}.Release|x64.Build.0 = Release|Any CPU
		{FA3CF917-B523-441D-A524-7E56A1D0048E}.Release|x86.ActiveCfg = Release|Any CPU
		{FA3CF917-B523-441D-A524-7E56A1D0048E}.Release|x86.Build.0 = Release|Any CPU
		{34B9099E-4B00-4707-BFDE-0B95997F8893}.Debug|Any CPU.ActiveCfg = Debug|Any CPU
		{34B9099E-4B00-4707-BFDE-0B95997F8893}.Debug|Any CPU.Build.0 = Debug|Any CPU
		{34B9099E-4B00-4707-BFDE-0B95997F8893}.Debug|Any CPU.Deploy.0 = Debug|Any CPU
		{34B9099E-4B00-4707-BFDE-0B95997F8893}.Debug|ARM.ActiveCfg = Debug|Any CPU
		{34B9099E-4B00-4707-BFDE-0B95997F8893}.Debug|ARM.Build.0 = Debug|Any CPU
		{34B9099E-4B00-4707-BFDE-0B95997F8893}.Debug|ARM.Deploy.0 = Debug|Any CPU
		{34B9099E-4B00-4707-BFDE-0B95997F8893}.Debug|iPhone.ActiveCfg = Debug|Any CPU
		{34B9099E-4B00-4707-BFDE-0B95997F8893}.Debug|iPhone.Build.0 = Debug|Any CPU
		{34B9099E-4B00-4707-BFDE-0B95997F8893}.Debug|iPhone.Deploy.0 = Debug|Any CPU
		{34B9099E-4B00-4707-BFDE-0B95997F8893}.Debug|iPhoneSimulator.ActiveCfg = Debug|Any CPU
		{34B9099E-4B00-4707-BFDE-0B95997F8893}.Debug|iPhoneSimulator.Build.0 = Debug|Any CPU
		{34B9099E-4B00-4707-BFDE-0B95997F8893}.Debug|iPhoneSimulator.Deploy.0 = Debug|Any CPU
		{34B9099E-4B00-4707-BFDE-0B95997F8893}.Debug|x64.ActiveCfg = Debug|Any CPU
		{34B9099E-4B00-4707-BFDE-0B95997F8893}.Debug|x64.Build.0 = Debug|Any CPU
		{34B9099E-4B00-4707-BFDE-0B95997F8893}.Debug|x64.Deploy.0 = Debug|Any CPU
		{34B9099E-4B00-4707-BFDE-0B95997F8893}.Debug|x86.ActiveCfg = Debug|Any CPU
		{34B9099E-4B00-4707-BFDE-0B95997F8893}.Debug|x86.Build.0 = Debug|Any CPU
		{34B9099E-4B00-4707-BFDE-0B95997F8893}.Debug|x86.Deploy.0 = Debug|Any CPU
		{34B9099E-4B00-4707-BFDE-0B95997F8893}.Release|Any CPU.ActiveCfg = Release|Any CPU
		{34B9099E-4B00-4707-BFDE-0B95997F8893}.Release|Any CPU.Build.0 = Release|Any CPU
		{34B9099E-4B00-4707-BFDE-0B95997F8893}.Release|Any CPU.Deploy.0 = Release|Any CPU
		{34B9099E-4B00-4707-BFDE-0B95997F8893}.Release|ARM.ActiveCfg = Release|Any CPU
		{34B9099E-4B00-4707-BFDE-0B95997F8893}.Release|ARM.Build.0 = Release|Any CPU
		{34B9099E-4B00-4707-BFDE-0B95997F8893}.Release|ARM.Deploy.0 = Release|Any CPU
		{34B9099E-4B00-4707-BFDE-0B95997F8893}.Release|iPhone.ActiveCfg = Release|Any CPU
		{34B9099E-4B00-4707-BFDE-0B95997F8893}.Release|iPhone.Build.0 = Release|Any CPU
		{34B9099E-4B00-4707-BFDE-0B95997F8893}.Release|iPhone.Deploy.0 = Release|Any CPU
		{34B9099E-4B00-4707-BFDE-0B95997F8893}.Release|iPhoneSimulator.ActiveCfg = Release|Any CPU
		{34B9099E-4B00-4707-BFDE-0B95997F8893}.Release|iPhoneSimulator.Build.0 = Release|Any CPU
		{34B9099E-4B00-4707-BFDE-0B95997F8893}.Release|iPhoneSimulator.Deploy.0 = Release|Any CPU
		{34B9099E-4B00-4707-BFDE-0B95997F8893}.Release|x64.ActiveCfg = Release|Any CPU
		{34B9099E-4B00-4707-BFDE-0B95997F8893}.Release|x64.Build.0 = Release|Any CPU
		{34B9099E-4B00-4707-BFDE-0B95997F8893}.Release|x64.Deploy.0 = Release|Any CPU
		{34B9099E-4B00-4707-BFDE-0B95997F8893}.Release|x86.ActiveCfg = Release|Any CPU
		{34B9099E-4B00-4707-BFDE-0B95997F8893}.Release|x86.Build.0 = Release|Any CPU
		{34B9099E-4B00-4707-BFDE-0B95997F8893}.Release|x86.Deploy.0 = Release|Any CPU
		{5FA0219F-B063-4D07-800B-CC38BDB5B916}.Debug|Any CPU.ActiveCfg = Debug|iPhone
		{5FA0219F-B063-4D07-800B-CC38BDB5B916}.Debug|ARM.ActiveCfg = Debug|iPhone
		{5FA0219F-B063-4D07-800B-CC38BDB5B916}.Debug|iPhone.ActiveCfg = Debug|iPhone
		{5FA0219F-B063-4D07-800B-CC38BDB5B916}.Debug|iPhone.Build.0 = Debug|iPhone
		{5FA0219F-B063-4D07-800B-CC38BDB5B916}.Debug|iPhoneSimulator.ActiveCfg = Debug|iPhoneSimulator
		{5FA0219F-B063-4D07-800B-CC38BDB5B916}.Debug|iPhoneSimulator.Build.0 = Debug|iPhoneSimulator
		{5FA0219F-B063-4D07-800B-CC38BDB5B916}.Debug|x64.ActiveCfg = Debug|iPhone
		{5FA0219F-B063-4D07-800B-CC38BDB5B916}.Debug|x86.ActiveCfg = Debug|iPhone
		{5FA0219F-B063-4D07-800B-CC38BDB5B916}.Release|Any CPU.ActiveCfg = Release|iPhone
		{5FA0219F-B063-4D07-800B-CC38BDB5B916}.Release|ARM.ActiveCfg = Release|iPhone
		{5FA0219F-B063-4D07-800B-CC38BDB5B916}.Release|iPhone.ActiveCfg = Release|iPhone
		{5FA0219F-B063-4D07-800B-CC38BDB5B916}.Release|iPhone.Build.0 = Release|iPhone
		{5FA0219F-B063-4D07-800B-CC38BDB5B916}.Release|iPhoneSimulator.ActiveCfg = Release|iPhoneSimulator
		{5FA0219F-B063-4D07-800B-CC38BDB5B916}.Release|iPhoneSimulator.Build.0 = Release|iPhoneSimulator
		{5FA0219F-B063-4D07-800B-CC38BDB5B916}.Release|x64.ActiveCfg = Release|iPhone
		{5FA0219F-B063-4D07-800B-CC38BDB5B916}.Release|x86.ActiveCfg = Release|iPhone
		{0483302A-9154-434A-93EB-5633AAFD4409}.Debug|Any CPU.ActiveCfg = Debug|x86
		{0483302A-9154-434A-93EB-5633AAFD4409}.Debug|ARM.ActiveCfg = Debug|ARM
		{0483302A-9154-434A-93EB-5633AAFD4409}.Debug|ARM.Build.0 = Debug|ARM
		{0483302A-9154-434A-93EB-5633AAFD4409}.Debug|ARM.Deploy.0 = Debug|ARM
		{0483302A-9154-434A-93EB-5633AAFD4409}.Debug|iPhone.ActiveCfg = Debug|x86
		{0483302A-9154-434A-93EB-5633AAFD4409}.Debug|iPhoneSimulator.ActiveCfg = Debug|x86
		{0483302A-9154-434A-93EB-5633AAFD4409}.Debug|x64.ActiveCfg = Debug|x64
		{0483302A-9154-434A-93EB-5633AAFD4409}.Debug|x64.Build.0 = Debug|x64
		{0483302A-9154-434A-93EB-5633AAFD4409}.Debug|x64.Deploy.0 = Debug|x64
		{0483302A-9154-434A-93EB-5633AAFD4409}.Debug|x86.ActiveCfg = Debug|x86
		{0483302A-9154-434A-93EB-5633AAFD4409}.Debug|x86.Build.0 = Debug|x86
		{0483302A-9154-434A-93EB-5633AAFD4409}.Debug|x86.Deploy.0 = Debug|x86
		{0483302A-9154-434A-93EB-5633AAFD4409}.Release|Any CPU.ActiveCfg = Release|x86
		{0483302A-9154-434A-93EB-5633AAFD4409}.Release|ARM.ActiveCfg = Release|ARM
		{0483302A-9154-434A-93EB-5633AAFD4409}.Release|ARM.Build.0 = Release|ARM
		{0483302A-9154-434A-93EB-5633AAFD4409}.Release|ARM.Deploy.0 = Release|ARM
		{0483302A-9154-434A-93EB-5633AAFD4409}.Release|iPhone.ActiveCfg = Release|x86
		{0483302A-9154-434A-93EB-5633AAFD4409}.Release|iPhoneSimulator.ActiveCfg = Release|x86
		{0483302A-9154-434A-93EB-5633AAFD4409}.Release|x64.ActiveCfg = Release|x64
		{0483302A-9154-434A-93EB-5633AAFD4409}.Release|x64.Build.0 = Release|x64
		{0483302A-9154-434A-93EB-5633AAFD4409}.Release|x64.Deploy.0 = Release|x64
		{0483302A-9154-434A-93EB-5633AAFD4409}.Release|x86.ActiveCfg = Release|x86
		{0483302A-9154-434A-93EB-5633AAFD4409}.Release|x86.Build.0 = Release|x86
		{0483302A-9154-434A-93EB-5633AAFD4409}.Release|x86.Deploy.0 = Release|x86
		{86B412D1-080A-4AB9-8280-1C7E2DE4BBDA}.Debug|Any CPU.ActiveCfg = Debug|Any CPU
		{86B412D1-080A-4AB9-8280-1C7E2DE4BBDA}.Debug|Any CPU.Build.0 = Debug|Any CPU
		{86B412D1-080A-4AB9-8280-1C7E2DE4BBDA}.Debug|ARM.ActiveCfg = Debug|Any CPU
		{86B412D1-080A-4AB9-8280-1C7E2DE4BBDA}.Debug|ARM.Build.0 = Debug|Any CPU
		{86B412D1-080A-4AB9-8280-1C7E2DE4BBDA}.Debug|iPhone.ActiveCfg = Debug|Any CPU
		{86B412D1-080A-4AB9-8280-1C7E2DE4BBDA}.Debug|iPhone.Build.0 = Debug|Any CPU
		{86B412D1-080A-4AB9-8280-1C7E2DE4BBDA}.Debug|iPhoneSimulator.ActiveCfg = Debug|Any CPU
		{86B412D1-080A-4AB9-8280-1C7E2DE4BBDA}.Debug|iPhoneSimulator.Build.0 = Debug|Any CPU
		{86B412D1-080A-4AB9-8280-1C7E2DE4BBDA}.Debug|x64.ActiveCfg = Debug|Any CPU
		{86B412D1-080A-4AB9-8280-1C7E2DE4BBDA}.Debug|x64.Build.0 = Debug|Any CPU
		{86B412D1-080A-4AB9-8280-1C7E2DE4BBDA}.Debug|x86.ActiveCfg = Debug|Any CPU
		{86B412D1-080A-4AB9-8280-1C7E2DE4BBDA}.Debug|x86.Build.0 = Debug|Any CPU
		{86B412D1-080A-4AB9-8280-1C7E2DE4BBDA}.Release|Any CPU.ActiveCfg = Release|Any CPU
		{86B412D1-080A-4AB9-8280-1C7E2DE4BBDA}.Release|Any CPU.Build.0 = Release|Any CPU
		{86B412D1-080A-4AB9-8280-1C7E2DE4BBDA}.Release|ARM.ActiveCfg = Release|Any CPU
		{86B412D1-080A-4AB9-8280-1C7E2DE4BBDA}.Release|ARM.Build.0 = Release|Any CPU
		{86B412D1-080A-4AB9-8280-1C7E2DE4BBDA}.Release|iPhone.ActiveCfg = Release|Any CPU
		{86B412D1-080A-4AB9-8280-1C7E2DE4BBDA}.Release|iPhone.Build.0 = Release|Any CPU
		{86B412D1-080A-4AB9-8280-1C7E2DE4BBDA}.Release|iPhoneSimulator.ActiveCfg = Release|Any CPU
		{86B412D1-080A-4AB9-8280-1C7E2DE4BBDA}.Release|iPhoneSimulator.Build.0 = Release|Any CPU
		{86B412D1-080A-4AB9-8280-1C7E2DE4BBDA}.Release|x64.ActiveCfg = Release|Any CPU
		{86B412D1-080A-4AB9-8280-1C7E2DE4BBDA}.Release|x64.Build.0 = Release|Any CPU
		{86B412D1-080A-4AB9-8280-1C7E2DE4BBDA}.Release|x86.ActiveCfg = Release|Any CPU
		{86B412D1-080A-4AB9-8280-1C7E2DE4BBDA}.Release|x86.Build.0 = Release|Any CPU
		{959F32CF-41D7-4E18-8ADE-A202317126E1}.Debug|Any CPU.ActiveCfg = Debug|Any CPU
		{959F32CF-41D7-4E18-8ADE-A202317126E1}.Debug|Any CPU.Build.0 = Debug|Any CPU
		{959F32CF-41D7-4E18-8ADE-A202317126E1}.Debug|ARM.ActiveCfg = Debug|Any CPU
		{959F32CF-41D7-4E18-8ADE-A202317126E1}.Debug|ARM.Build.0 = Debug|Any CPU
		{959F32CF-41D7-4E18-8ADE-A202317126E1}.Debug|iPhone.ActiveCfg = Debug|Any CPU
		{959F32CF-41D7-4E18-8ADE-A202317126E1}.Debug|iPhone.Build.0 = Debug|Any CPU
		{959F32CF-41D7-4E18-8ADE-A202317126E1}.Debug|iPhoneSimulator.ActiveCfg = Debug|Any CPU
		{959F32CF-41D7-4E18-8ADE-A202317126E1}.Debug|iPhoneSimulator.Build.0 = Debug|Any CPU
		{959F32CF-41D7-4E18-8ADE-A202317126E1}.Debug|x64.ActiveCfg = Debug|Any CPU
		{959F32CF-41D7-4E18-8ADE-A202317126E1}.Debug|x64.Build.0 = Debug|Any CPU
		{959F32CF-41D7-4E18-8ADE-A202317126E1}.Debug|x86.ActiveCfg = Debug|Any CPU
		{959F32CF-41D7-4E18-8ADE-A202317126E1}.Debug|x86.Build.0 = Debug|Any CPU
		{959F32CF-41D7-4E18-8ADE-A202317126E1}.Release|Any CPU.ActiveCfg = Release|Any CPU
		{959F32CF-41D7-4E18-8ADE-A202317126E1}.Release|Any CPU.Build.0 = Release|Any CPU
		{959F32CF-41D7-4E18-8ADE-A202317126E1}.Release|ARM.ActiveCfg = Release|Any CPU
		{959F32CF-41D7-4E18-8ADE-A202317126E1}.Release|ARM.Build.0 = Release|Any CPU
		{959F32CF-41D7-4E18-8ADE-A202317126E1}.Release|iPhone.ActiveCfg = Release|Any CPU
		{959F32CF-41D7-4E18-8ADE-A202317126E1}.Release|iPhone.Build.0 = Release|Any CPU
		{959F32CF-41D7-4E18-8ADE-A202317126E1}.Release|iPhoneSimulator.ActiveCfg = Release|Any CPU
		{959F32CF-41D7-4E18-8ADE-A202317126E1}.Release|iPhoneSimulator.Build.0 = Release|Any CPU
		{959F32CF-41D7-4E18-8ADE-A202317126E1}.Release|x64.ActiveCfg = Release|Any CPU
		{959F32CF-41D7-4E18-8ADE-A202317126E1}.Release|x64.Build.0 = Release|Any CPU
		{959F32CF-41D7-4E18-8ADE-A202317126E1}.Release|x86.ActiveCfg = Release|Any CPU
		{959F32CF-41D7-4E18-8ADE-A202317126E1}.Release|x86.Build.0 = Release|Any CPU
		{5625BEB9-1F36-4FA7-A924-EC5837B5A318}.Debug|Any CPU.ActiveCfg = Debug|Any CPU
		{5625BEB9-1F36-4FA7-A924-EC5837B5A318}.Debug|Any CPU.Build.0 = Debug|Any CPU
		{5625BEB9-1F36-4FA7-A924-EC5837B5A318}.Debug|ARM.ActiveCfg = Debug|Any CPU
		{5625BEB9-1F36-4FA7-A924-EC5837B5A318}.Debug|ARM.Build.0 = Debug|Any CPU
		{5625BEB9-1F36-4FA7-A924-EC5837B5A318}.Debug|iPhone.ActiveCfg = Debug|Any CPU
		{5625BEB9-1F36-4FA7-A924-EC5837B5A318}.Debug|iPhone.Build.0 = Debug|Any CPU
		{5625BEB9-1F36-4FA7-A924-EC5837B5A318}.Debug|iPhoneSimulator.ActiveCfg = Debug|Any CPU
		{5625BEB9-1F36-4FA7-A924-EC5837B5A318}.Debug|iPhoneSimulator.Build.0 = Debug|Any CPU
		{5625BEB9-1F36-4FA7-A924-EC5837B5A318}.Debug|x64.ActiveCfg = Debug|Any CPU
		{5625BEB9-1F36-4FA7-A924-EC5837B5A318}.Debug|x64.Build.0 = Debug|Any CPU
		{5625BEB9-1F36-4FA7-A924-EC5837B5A318}.Debug|x86.ActiveCfg = Debug|Any CPU
		{5625BEB9-1F36-4FA7-A924-EC5837B5A318}.Debug|x86.Build.0 = Debug|Any CPU
		{5625BEB9-1F36-4FA7-A924-EC5837B5A318}.Release|Any CPU.ActiveCfg = Release|Any CPU
		{5625BEB9-1F36-4FA7-A924-EC5837B5A318}.Release|Any CPU.Build.0 = Release|Any CPU
		{5625BEB9-1F36-4FA7-A924-EC5837B5A318}.Release|ARM.ActiveCfg = Release|Any CPU
		{5625BEB9-1F36-4FA7-A924-EC5837B5A318}.Release|ARM.Build.0 = Release|Any CPU
		{5625BEB9-1F36-4FA7-A924-EC5837B5A318}.Release|iPhone.ActiveCfg = Release|Any CPU
		{5625BEB9-1F36-4FA7-A924-EC5837B5A318}.Release|iPhone.Build.0 = Release|Any CPU
		{5625BEB9-1F36-4FA7-A924-EC5837B5A318}.Release|iPhoneSimulator.ActiveCfg = Release|Any CPU
		{5625BEB9-1F36-4FA7-A924-EC5837B5A318}.Release|iPhoneSimulator.Build.0 = Release|Any CPU
		{5625BEB9-1F36-4FA7-A924-EC5837B5A318}.Release|x64.ActiveCfg = Release|Any CPU
		{5625BEB9-1F36-4FA7-A924-EC5837B5A318}.Release|x64.Build.0 = Release|Any CPU
		{5625BEB9-1F36-4FA7-A924-EC5837B5A318}.Release|x86.ActiveCfg = Release|Any CPU
		{5625BEB9-1F36-4FA7-A924-EC5837B5A318}.Release|x86.Build.0 = Release|Any CPU
	EndGlobalSection
	GlobalSection(SolutionProperties) = preSolution
		HideSolutionNode = FALSE
	EndGlobalSection
	GlobalSection(ExtensibilityGlobals) = postSolution
		SolutionGuid = {12505E1C-7734-4515-AADD-ED9ED2EA662E}
	EndGlobalSection
EndGlobal
